{
  "name": "csnotes",
  "lockfileVersion": 2,
  "requires": true,
  "packages": {
    "": {
      "dependencies": {
        "hunspell-spellchecker": "^1.0.2"
      }
    },
    "node_modules/hunspell-spellchecker": {
      "version": "1.0.2",
      "resolved": "https://registry.npmjs.org/hunspell-spellchecker/-/hunspell-spellchecker-1.0.2.tgz",
      "integrity": "sha512-4DwmFAvlz+ChsqLDsZT2cwBsYNXh+oWboemxXtafwKIyItq52xfR4e4kr017sLAoPaSYVofSOvPUfmOAhXyYvw==",
      "bin": {
        "hunspell-tojson": "bin/hunspell-tojson.js"
      }
    }
  },
  "dependencies": {
    "hunspell-spellchecker": {
      "version": "1.0.2",
      "resolved": "https://registry.npmjs.org/hunspell-spellchecker/-/hunspell-spellchecker-1.0.2.tgz",
      "integrity": "sha512-4DwmFAvlz+ChsqLDsZT2cwBsYNXh+oWboemxXtafwKIyItq52xfR4e4kr017sLAoPaSYVofSOvPUfmOAhXyYvw=="
    }
  }
}
